
Microsoft Visual Studio Solution File, Format Version 12.00
# Visual Studio Version 17
VisualStudioVersion = 17.3.32804.467
MinimumVisualStudioVersion = 10.0.40219.1
Project("{FAE04EC0-301F-11D3-BF4B-00C04F79EFBC}") = "Teste ContSelf", "Teste ContSelf\Teste ContSelf.csproj", "{46107B3E-71BF-4F07-B28C-B0794F955498}"
EndProject
Global
	GlobalSection(SolutionConfigurationPlatforms) = preSolution
		Debug|Any CPU = Debug|Any CPU
		Release|Any CPU = Release|Any CPU
	EndGlobalSection
	GlobalSection(ProjectConfigurationPlatforms) = postSolution
		{46107B3E-71BF-4F07-B28C-B0794F955498}.Debug|Any CPU.ActiveCfg = Debug|Any CPU
		{46107B3E-71BF-4F07-B28C-B0794F955498}.Debug|Any CPU.Build.0 = Debug|Any CPU
		{46107B3E-71BF-4F07-B28C-B0794F955498}.Release|Any CPU.ActiveCfg = Release|Any CPU
		{46107B3E-71BF-4F07-B28C-B0794F955498}.Release|Any CPU.Build.0 = Release|Any CPU
	EndGlobalSection
	GlobalSection(SolutionProperties) = preSolution
		HideSolutionNode = FALSE
	EndGlobalSection
	GlobalSection(ExtensibilityGlobals) = postSolution
		SolutionGuid = {9CF52163-2122-4ED5-AEA3-A202A752BA26}
	EndGlobalSection
EndGlobal
